
Microsoft Visual Studio Solution File, Format Version 12.00
# Visual Studio 14
VisualStudioVersion = 14.0.25420.1
MinimumVisualStudioVersion = 10.0.40219.1
Project("{FAE04EC0-301F-11D3-BF4B-00C04F79EFBC}") = "TreeCat.XrmToolBox.CodeNow", "TreeCat.XrmToolBox.CodeNow\TreeCat.XrmToolBox.CodeNow.csproj", "{78C9E53B-4917-4A23-A7C1-1DD643103242}"
EndProject
Project("{FAE04EC0-301F-11D3-BF4B-00C04F79EFBC}") = "ConsoleTest", "ConsoleTest\ConsoleTest.csproj", "{F842FA56-CA45-46C4-A325-32824666026C}"
EndProject
Project("{FAE04EC0-301F-11D3-BF4B-00C04F79EFBC}") = "CodeNow", "CodeNow\CodeNow.csproj", "{B822B03D-07EE-4BA4-90AB-B0F5F589F9DD}"
EndProject
Global
	GlobalSection(SolutionConfigurationPlatforms) = preSolution
		Debug|Any CPU = Debug|Any CPU
		Release|Any CPU = Release|Any CPU
	EndGlobalSection
	GlobalSection(ProjectConfigurationPlatforms) = postSolution
		{78C9E53B-4917-4A23-A7C1-1DD643103242}.Debug|Any CPU.ActiveCfg = Debug|Any CPU
		{78C9E53B-4917-4A23-A7C1-1DD643103242}.Debug|Any CPU.Build.0 = Debug|Any CPU
		{78C9E53B-4917-4A23-A7C1-1DD643103242}.Release|Any CPU.ActiveCfg = Release|Any CPU
		{78C9E53B-4917-4A23-A7C1-1DD643103242}.Release|Any CPU.Build.0 = Release|Any CPU
		{F842FA56-CA45-46C4-A325-32824666026C}.Debug|Any CPU.ActiveCfg = Debug|Any CPU
		{F842FA56-CA45-46C4-A325-32824666026C}.Debug|Any CPU.Build.0 = Debug|Any CPU
		{F842FA56-CA45-46C4-A325-32824666026C}.Release|Any CPU.ActiveCfg = Release|Any CPU
		{F842FA56-CA45-46C4-A325-32824666026C}.Release|Any CPU.Build.0 = Release|Any CPU
		{B822B03D-07EE-4BA4-90AB-B0F5F589F9DD}.Debug|Any CPU.ActiveCfg = Debug|Any CPU
		{B822B03D-07EE-4BA4-90AB-B0F5F589F9DD}.Debug|Any CPU.Build.0 = Debug|Any CPU
		{B822B03D-07EE-4BA4-90AB-B0F5F589F9DD}.Release|Any CPU.ActiveCfg = Release|Any CPU
		{B822B03D-07EE-4BA4-90AB-B0F5F589F9DD}.Release|Any CPU.Build.0 = Release|Any CPU
	EndGlobalSection
	GlobalSection(SolutionProperties) = preSolution
		HideSolutionNode = FALSE
	EndGlobalSection
EndGlobal
